
Microsoft Visual Studio Solution File, Format Version 12.00
# Visual Studio Version 17
VisualStudioVersion = 17.8.34330.188
MinimumVisualStudioVersion = 10.0.40219.1
Project("{FAE04EC0-301F-11D3-BF4B-00C04F79EFBC}") = "PostgressTews", "PostgressTews\PostgressTews.csproj", "{EE7DC051-4BA8-4C91-BAED-1A960371BA69}"
EndProject
Global
	GlobalSection(SolutionConfigurationPlatforms) = preSolution
		Debug|Any CPU = Debug|Any CPU
		Release|Any CPU = Release|Any CPU
	EndGlobalSection
	GlobalSection(ProjectConfigurationPlatforms) = postSolution
		{EE7DC051-4BA8-4C91-BAED-1A960371BA69}.Debug|Any CPU.ActiveCfg = Debug|Any CPU
		{EE7DC051-4BA8-4C91-BAED-1A960371BA69}.Debug|Any CPU.Build.0 = Debug|Any CPU
		{EE7DC051-4BA8-4C91-BAED-1A960371BA69}.Release|Any CPU.ActiveCfg = Release|Any CPU
		{EE7DC051-4BA8-4C91-BAED-1A960371BA69}.Release|Any CPU.Build.0 = Release|Any CPU
	EndGlobalSection
	GlobalSection(SolutionProperties) = preSolution
		HideSolutionNode = FALSE
	EndGlobalSection
	GlobalSection(ExtensibilityGlobals) = postSolution
		SolutionGuid = {D27C5802-8BDE-432B-B449-8BA6DDC23FD4}
	EndGlobalSection
EndGlobal
